
Microsoft Visual Studio Solution File, Format Version 12.00
Project("{FAE04EC0-301F-11D3-BF4B-00C04F79EFBC}") = "Manager", "Manager\Manager.csproj", "{29404171-C038-4D76-BC1E-7EE2348F4EBD}"
EndProject
Project("{2150E333-8FDC-42A3-9474-1A3956D46DE8}") = "Tests", "Tests", "{330378AE-7705-4899-AC23-EF5A5F29C7DA}"
EndProject
Project("{FAE04EC0-301F-11D3-BF4B-00C04F79EFBC}") = "UnitTests", "UnitTests\UnitTests.csproj", "{37111C41-AA87-43E1-AF32-4BFEBE8CEDD4}"
EndProject
Global
	GlobalSection(SolutionConfigurationPlatforms) = preSolution
		Debug|Any CPU = Debug|Any CPU
		Release|Any CPU = Release|Any CPU
	EndGlobalSection
	GlobalSection(ProjectConfigurationPlatforms) = postSolution
		{29404171-C038-4D76-BC1E-7EE2348F4EBD}.Debug|Any CPU.ActiveCfg = Debug|Any CPU
		{29404171-C038-4D76-BC1E-7EE2348F4EBD}.Debug|Any CPU.Build.0 = Debug|Any CPU
		{29404171-C038-4D76-BC1E-7EE2348F4EBD}.Release|Any CPU.ActiveCfg = Release|Any CPU
		{29404171-C038-4D76-BC1E-7EE2348F4EBD}.Release|Any CPU.Build.0 = Release|Any CPU
		{37111C41-AA87-43E1-AF32-4BFEBE8CEDD4}.Debug|Any CPU.ActiveCfg = Debug|Any CPU
		{37111C41-AA87-43E1-AF32-4BFEBE8CEDD4}.Debug|Any CPU.Build.0 = Debug|Any CPU
		{37111C41-AA87-43E1-AF32-4BFEBE8CEDD4}.Release|Any CPU.ActiveCfg = Release|Any CPU
		{37111C41-AA87-43E1-AF32-4BFEBE8CEDD4}.Release|Any CPU.Build.0 = Release|Any CPU
	EndGlobalSection
	GlobalSection(NestedProjects) = preSolution
		{37111C41-AA87-43E1-AF32-4BFEBE8CEDD4} = {330378AE-7705-4899-AC23-EF5A5F29C7DA}
	EndGlobalSection
EndGlobal
